
Microsoft Visual Studio Solution File, Format Version 12.00
# Visual Studio 15
VisualStudioVersion = 15.0.27004.2006
MinimumVisualStudioVersion = 10.0.40219.1
Project("{FAE04EC0-301F-11D3-BF4B-00C04F79EFBC}") = "FinanceProject", "FinanceProject\FinanceProject.csproj", "{4A3E4A92-1485-4845-9A67-24481B438D15}"
EndProject
Project("{FAE04EC0-301F-11D3-BF4B-00C04F79EFBC}") = "DbConnector", "..\MVCBlank\DbConnector\DbConnector.csproj", "{8EFD23B7-1C0E-4E16-8F5A-C22BDD2E2144}"
EndProject
Global
	GlobalSection(SolutionConfigurationPlatforms) = preSolution
		Debug|Any CPU = Debug|Any CPU
		Release|Any CPU = Release|Any CPU
	EndGlobalSection
	GlobalSection(ProjectConfigurationPlatforms) = postSolution
		{4A3E4A92-1485-4845-9A67-24481B438D15}.Debug|Any CPU.ActiveCfg = Debug|Any CPU
		{4A3E4A92-1485-4845-9A67-24481B438D15}.Debug|Any CPU.Build.0 = Debug|Any CPU
		{4A3E4A92-1485-4845-9A67-24481B438D15}.Release|Any CPU.ActiveCfg = Release|Any CPU
		{4A3E4A92-1485-4845-9A67-24481B438D15}.Release|Any CPU.Build.0 = Release|Any CPU
		{8EFD23B7-1C0E-4E16-8F5A-C22BDD2E2144}.Debug|Any CPU.ActiveCfg = Debug|Any CPU
		{8EFD23B7-1C0E-4E16-8F5A-C22BDD2E2144}.Debug|Any CPU.Build.0 = Debug|Any CPU
		{8EFD23B7-1C0E-4E16-8F5A-C22BDD2E2144}.Release|Any CPU.ActiveCfg = Release|Any CPU
		{8EFD23B7-1C0E-4E16-8F5A-C22BDD2E2144}.Release|Any CPU.Build.0 = Release|Any CPU
	EndGlobalSection
	GlobalSection(SolutionProperties) = preSolution
		HideSolutionNode = FALSE
	EndGlobalSection
	GlobalSection(ExtensibilityGlobals) = postSolution
		SolutionGuid = {68FA1761-0778-4832-8CD3-F49B546CDF67}
	EndGlobalSection
EndGlobal
